// !$*UTF8*$!
{
	archiveVersion = 1;
	classes = {
	};
	objectVersion = 50;
	objects = {

/* Begin PBXBuildFile section */
		154418BE255F1CA200E1985F /* RecentlyDeletedViewController.swift in Sources */ = {isa = PBXBuildFile; fileRef = 154418BD255F1CA200E1985F /* RecentlyDeletedViewController.swift */; };
		154418C2255F1D0600E1985F /* DeleteOrRestoreTableViewCell.swift in Sources */ = {isa = PBXBuildFile; fileRef = 154418C0255F1D0600E1985F /* DeleteOrRestoreTableViewCell.swift */; };
		154418C3255F1D0600E1985F /* DeleteOrRestoreTableViewCell.xib in Resources */ = {isa = PBXBuildFile; fileRef = 154418C1255F1D0600E1985F /* DeleteOrRestoreTableViewCell.xib */; };
		15462F48257D01330099C266 /* HW3.xcdatamodeld in Sources */ = {isa = PBXBuildFile; fileRef = 15462F46257D01330099C266 /* HW3.xcdatamodeld */; };
		15462F6F257D035F0099C266 /* NoteDataManager.swift in Sources */ = {isa = PBXBuildFile; fileRef = 15462F6E257D035F0099C266 /* NoteDataManager.swift */; };
		157D7852255E019000054E23 /* DisclosureIndicatorCell.swift in Sources */ = {isa = PBXBuildFile; fileRef = 157D7850255E019000054E23 /* DisclosureIndicatorCell.swift */; };
		157D7853255E019000054E23 /* DisclosureIndicatorCell.xib in Resources */ = {isa = PBXBuildFile; fileRef = 157D7851255E019000054E23 /* DisclosureIndicatorCell.xib */; };
		15924301255AF0FC00549FEC /* AppDelegate.swift in Sources */ = {isa = PBXBuildFile; fileRef = 15924300255AF0FC00549FEC /* AppDelegate.swift */; };
		15924303255AF0FC00549FEC /* SceneDelegate.swift in Sources */ = {isa = PBXBuildFile; fileRef = 15924302255AF0FC00549FEC /* SceneDelegate.swift */; };
		15924305255AF0FC00549FEC /* ViewController.swift in Sources */ = {isa = PBXBuildFile; fileRef = 15924304255AF0FC00549FEC /* ViewController.swift */; };
		15924308255AF0FC00549FEC /* Main.storyboard in Resources */ = {isa = PBXBuildFile; fileRef = 15924306255AF0FC00549FEC /* Main.storyboard */; };
		1592430D255AF0FD00549FEC /* Assets.xcassets in Resources */ = {isa = PBXBuildFile; fileRef = 1592430C255AF0FD00549FEC /* Assets.xcassets */; };
		15924310255AF0FD00549FEC /* LaunchScreen.storyboard in Resources */ = {isa = PBXBuildFile; fileRef = 1592430E255AF0FD00549FEC /* LaunchScreen.storyboard */; };
		15C6D6F7255C2FD0007B6BC2 /* EntryViewController.swift in Sources */ = {isa = PBXBuildFile; fileRef = 15C6D6F6255C2FD0007B6BC2 /* EntryViewController.swift */; };
		15EE9B3F255B4CEE009E9068 /* NoteTableViewCell.swift in Sources */ = {isa = PBXBuildFile; fileRef = 15EE9B3D255B4CEE009E9068 /* NoteTableViewCell.swift */; };
		15EE9B40255B4CEE009E9068 /* NoteTableViewCell.xib in Resources */ = {isa = PBXBuildFile; fileRef = 15EE9B3E255B4CEE009E9068 /* NoteTableViewCell.xib */; };
/* End PBXBuildFile section */

/* Begin PBXFileReference section */
		154418BD255F1CA200E1985F /* RecentlyDeletedViewController.swift */ = {isa = PBXFileReference; lastKnownFileType = sourcecode.swift; path = RecentlyDeletedViewController.swift; sourceTree = "<group>"; };
		154418C0255F1D0600E1985F /* DeleteOrRestoreTableViewCell.swift */ = {isa = PBXFileReference; lastKnownFileType = sourcecode.swift; path = DeleteOrRestoreTableViewCell.swift; sourceTree = "<group>"; };
		154418C1255F1D0600E1985F /* DeleteOrRestoreTableViewCell.xib */ = {isa = PBXFileReference; lastKnownFileType = file.xib; path = DeleteOrRestoreTableViewCell.xib; sourceTree = "<group>"; };
		15462F47257D01330099C266 /* Model.xcdatamodel */ = {isa = PBXFileReference; lastKnownFileType = wrapper.xcdatamodel; path = Model.xcdatamodel; sourceTree = "<group>"; };
		15462F6E257D035F0099C266 /* NoteDataManager.swift */ = {isa = PBXFileReference; lastKnownFileType = sourcecode.swift; path = NoteDataManager.swift; sourceTree = "<group>"; };
		157D7850255E019000054E23 /* DisclosureIndicatorCell.swift */ = {isa = PBXFileReference; lastKnownFileType = sourcecode.swift; path = DisclosureIndicatorCell.swift; sourceTree = "<group>"; };
		157D7851255E019000054E23 /* DisclosureIndicatorCell.xib */ = {isa = PBXFileReference; lastKnownFileType = file.xib; path = DisclosureIndicatorCell.xib; sourceTree = "<group>"; };
		159242FD255AF0FC00549FEC /* HW3.app */ = {isa = PBXFileReference; explicitFileType = wrapper.application; includeInIndex = 0; path = HW3.app; sourceTree = BUILT_PRODUCTS_DIR; };
		15924300255AF0FC00549FEC /* AppDelegate.swift */ = {isa = PBXFileReference; lastKnownFileType = sourcecode.swift; path = AppDelegate.swift; sourceTree = "<group>"; };
		15924302255AF0FC00549FEC /* SceneDelegate.swift */ = {isa = PBXFileReference; lastKnownFileType = sourcecode.swift; path = SceneDelegate.swift; sourceTree = "<group>"; };
		15924304255AF0FC00549FEC /* ViewController.swift */ = {isa = PBXFileReference; lastKnownFileType = sourcecode.swift; path = ViewController.swift; sourceTree = "<group>"; };
		15924307255AF0FC00549FEC /* Base */ = {isa = PBXFileReference; lastKnownFileType = file.storyboard; name = Base; path = Base.lproj/Main.storyboard; sourceTree = "<group>"; };
		1592430C255AF0FD00549FEC /* Assets.xcassets */ = {isa = PBXFileReference; lastKnownFileType = folder.assetcatalog; path = Assets.xcassets; sourceTree = "<group>"; };
		1592430F255AF0FD00549FEC /* Base */ = {isa = PBXFileReference; lastKnownFileType = file.storyboard; name = Base; path = Base.lproj/LaunchScreen.storyboard; sourceTree = "<group>"; };
		15924311255AF0FD00549FEC /* Info.plist */ = {isa = PBXFileReference; lastKnownFileType = text.plist.xml; path = Info.plist; sourceTree = "<group>"; };
		15C6D6F6255C2FD0007B6BC2 /* EntryViewController.swift */ = {isa = PBXFileReference; lastKnownFileType = sourcecode.swift; path = EntryViewController.swift; sourceTree = "<group>"; };
		15EE9B3D255B4CEE009E9068 /* NoteTableViewCell.swift */ = {isa = PBXFileReference; lastKnownFileType = sourcecode.swift; path = NoteTableViewCell.swift; sourceTree = "<group>"; };
		15EE9B3E255B4CEE009E9068 /* NoteTableViewCell.xib */ = {isa = PBXFileReference; lastKnownFileType = file.xib; path = NoteTableViewCell.xib; sourceTree = "<group>"; };
/* End PBXFileReference section */

/* Begin PBXFrameworksBuildPhase section */
		159242FA255AF0FC00549FEC /* Frameworks */ = {
			isa = PBXFrameworksBuildPhase;
			buildActionMask = 2147483647;
			files = (
			);
			runOnlyForDeploymentPostprocessing = 0;
		};
/* End PBXFrameworksBuildPhase section */

/* Begin PBXGroup section */
		159242F4255AF0FC00549FEC = {
			isa = PBXGroup;
			children = (
				159242FF255AF0FC00549FEC /* HW3 */,
				159242FE255AF0FC00549FEC /* Products */,
				D2D73FFFAC54E10F376EF85A /* Pods */,
			);
			sourceTree = "<group>";
		};
		159242FE255AF0FC00549FEC /* Products */ = {
			isa = PBXGroup;
			children = (
				159242FD255AF0FC00549FEC /* HW3.app */,
			);
			name = Products;
			sourceTree = "<group>";
		};
		159242FF255AF0FC00549FEC /* HW3 */ = {
			isa = PBXGroup;
			children = (
				15A4B144257CDF8700BF5B53 /* Models */,
				15A4B143257CDE9600BF5B53 /* Constrollers */,
				15A4B142257CDE2800BF5B53 /* Resources */,
				15A4B141257CDE1400BF5B53 /* Storyboards */,
				15A4B146257CDFC600BF5B53 /* Views */,
				15924300255AF0FC00549FEC /* AppDelegate.swift */,
				15924302255AF0FC00549FEC /* SceneDelegate.swift */,
				15462F46257D01330099C266 /* HW3.xcdatamodeld */,
				15924311255AF0FD00549FEC /* Info.plist */,
			);
			path = HW3;
			sourceTree = "<group>";
		};
		15A4B141257CDE1400BF5B53 /* Storyboards */ = {
			isa = PBXGroup;
			children = (
				15924306255AF0FC00549FEC /* Main.storyboard */,
				1592430E255AF0FD00549FEC /* LaunchScreen.storyboard */,
			);
			path = Storyboards;
			sourceTree = "<group>";
		};
		15A4B142257CDE2800BF5B53 /* Resources */ = {
			isa = PBXGroup;
			children = (
				1592430C255AF0FD00549FEC /* Assets.xcassets */,
			);
			path = Resources;
			sourceTree = "<group>";
		};
		15A4B143257CDE9600BF5B53 /* Constrollers */ = {
			isa = PBXGroup;
			children = (
				15924304255AF0FC00549FEC /* ViewController.swift */,
				154418BD255F1CA200E1985F /* RecentlyDeletedViewController.swift */,
				15C6D6F6255C2FD0007B6BC2 /* EntryViewController.swift */,
			);
			path = Constrollers;
			sourceTree = "<group>";
		};
		15A4B144257CDF8700BF5B53 /* Models */ = {
			isa = PBXGroup;
			children = (
				15D66B55257D1E530099859B /* Note */,
			);
			path = Models;
			sourceTree = "<group>";
		};
		15A4B146257CDFC600BF5B53 /* Views */ = {
			isa = PBXGroup;
			children = (
				15A4B147257CE00700BF5B53 /* Cells */,
			);
			path = Views;
			sourceTree = "<group>";
		};
		15A4B147257CE00700BF5B53 /* Cells */ = {
			isa = PBXGroup;
			children = (
				15A4B14A257CE0C900BF5B53 /* DeleteOrRestoreTableViewCell */,
				15A4B149257CE09F00BF5B53 /* FirstHomeTableViewCell */,
				15A4B148257CE02700BF5B53 /* HomeTableViewCell */,
			);
			path = Cells;
			sourceTree = "<group>";
		};
		15A4B148257CE02700BF5B53 /* HomeTableViewCell */ = {
			isa = PBXGroup;
			children = (
				15EE9B3D255B4CEE009E9068 /* NoteTableViewCell.swift */,
				15EE9B3E255B4CEE009E9068 /* NoteTableViewCell.xib */,
			);
			path = HomeTableViewCell;
			sourceTree = "<group>";
		};
		15A4B149257CE09F00BF5B53 /* FirstHomeTableViewCell */ = {
			isa = PBXGroup;
			children = (
				157D7850255E019000054E23 /* DisclosureIndicatorCell.swift */,
				157D7851255E019000054E23 /* DisclosureIndicatorCell.xib */,
			);
			path = FirstHomeTableViewCell;
			sourceTree = "<group>";
		};
		15A4B14A257CE0C900BF5B53 /* DeleteOrRestoreTableViewCell */ = {
			isa = PBXGroup;
			children = (
				154418C0255F1D0600E1985F /* DeleteOrRestoreTableViewCell.swift */,
				154418C1255F1D0600E1985F /* DeleteOrRestoreTableViewCell.xib */,
			);
			path = DeleteOrRestoreTableViewCell;
			sourceTree = "<group>";
		};
		15D66B55257D1E530099859B /* Note */ = {
			isa = PBXGroup;
			children = (
				15462F6E257D035F0099C266 /* NoteDataManager.swift */,
			);
			path = Note;
			sourceTree = "<group>";
		};
		D2D73FFFAC54E10F376EF85A /* Pods */ = {
			isa = PBXGroup;
			children = (
			);
			path = Pods;
			sourceTree = "<group>";
		};
/* End PBXGroup section */

/* Begin PBXNativeTarget section */
		159242FC255AF0FC00549FEC /* HW3 */ = {
			isa = PBXNativeTarget;
			buildConfigurationList = 15924314255AF0FD00549FEC /* Build configuration list for PBXNativeTarget "HW3" */;
			buildPhases = (
				159242F9255AF0FC00549FEC /* Sources */,
				159242FA255AF0FC00549FEC /* Frameworks */,
				159242FB255AF0FC00549FEC /* Resources */,
			);
			buildRules = (
			);
			dependencies = (
			);
			name = HW3;
			productName = testApp;
			productReference = 159242FD255AF0FC00549FEC /* HW3.app */;
			productType = "com.apple.product-type.application";
		};
/* End PBXNativeTarget section */

/* Begin PBXProject section */
		159242F5255AF0FC00549FEC /* Project object */ = {
			isa = PBXProject;
			attributes = {
				LastSwiftUpdateCheck = 1210;
				LastUpgradeCheck = 1210;
				TargetAttributes = {
					159242FC255AF0FC00549FEC = {
						CreatedOnToolsVersion = 12.1;
					};
				};
			};
			buildConfigurationList = 159242F8255AF0FC00549FEC /* Build configuration list for PBXProject "HW3" */;
			compatibilityVersion = "Xcode 9.3";
			developmentRegion = en;
			hasScannedForEncodings = 0;
			knownRegions = (
				en,
				Base,
			);
			mainGroup = 159242F4255AF0FC00549FEC;
			productRefGroup = 159242FE255AF0FC00549FEC /* Products */;
			projectDirPath = "";
			projectRoot = "";
			targets = (
				159242FC255AF0FC00549FEC /* HW3 */,
			);
		};
/* End PBXProject section */

/* Begin PBXResourcesBuildPhase section */
		159242FB255AF0FC00549FEC /* Resources */ = {
			isa = PBXResourcesBuildPhase;
			buildActionMask = 2147483647;
			files = (
				15924310255AF0FD00549FEC /* LaunchScreen.storyboard in Resources */,
				157D7853255E019000054E23 /* DisclosureIndicatorCell.xib in Resources */,
				154418C3255F1D0600E1985F /* DeleteOrRestoreTableViewCell.xib in Resources */,
				1592430D255AF0FD00549FEC /* Assets.xcassets in Resources */,
				15924308255AF0FC00549FEC /* Main.storyboard in Resources */,
				15EE9B40255B4CEE009E9068 /* NoteTableViewCell.xib in Resources */,
			);
			runOnlyForDeploymentPostprocessing = 0;
		};
/* End PBXResourcesBuildPhase section */

/* Begin PBXSourcesBuildPhase section */
		159242F9255AF0FC00549FEC /* Sources */ = {
			isa = PBXSourcesBuildPhase;
			buildActionMask = 2147483647;
			files = (
				154418C2255F1D0600E1985F /* DeleteOrRestoreTableViewCell.swift in Sources */,
				15924305255AF0FC00549FEC /* ViewController.swift in Sources */,
				15C6D6F7255C2FD0007B6BC2 /* EntryViewController.swift in Sources */,
				157D7852255E019000054E23 /* DisclosureIndicatorCell.swift in Sources */,
				15924301255AF0FC00549FEC /* AppDelegate.swift in Sources */,
				15462F6F257D035F0099C266 /* NoteDataManager.swift in Sources */,
				15EE9B3F255B4CEE009E9068 /* NoteTableViewCell.swift in Sources */,
				15462F48257D01330099C266 /* HW3.xcdatamodeld in Sources */,
				154418BE255F1CA200E1985F /* RecentlyDeletedViewController.swift in Sources */,
				15924303255AF0FC00549FEC /* SceneDelegate.swift in Sources */,
			);
			runOnlyForDeploymentPostprocessing = 0;
		};
/* End PBXSourcesBuildPhase section */

/* Begin PBXVariantGroup section */
		15924306255AF0FC00549FEC /* Main.storyboard */ = {
			isa = PBXVariantGroup;
			children = (
				15924307255AF0FC00549FEC /* Base */,
			);
			name = Main.storyboard;
			sourceTree = "<group>";
		};
		1592430E255AF0FD00549FEC /* LaunchScreen.storyboard */ = {
			isa = PBXVariantGroup;
			children = (
				1592430F255AF0FD00549FEC /* Base */,
			);
			name = LaunchScreen.storyboard;
			sourceTree = "<group>";
		};
/* End PBXVariantGroup section */

/* Begin XCBuildConfiguration section */
		15924312255AF0FD00549FEC /* Debug */ = {
			isa = XCBuildConfiguration;
			buildSettings = {
				ALWAYS_SEARCH_USER_PATHS = NO;
				CLANG_ANALYZER_NONNULL = YES;
				CLANG_ANALYZER_NUMBER_OBJECT_CONVERSION = YES_AGGRESSIVE;
				CLANG_CXX_LANGUAGE_STANDARD = "gnu++14";
				CLANG_CXX_LIBRARY = "libc++";
				CLANG_ENABLE_MODULES = YES;
				CLANG_ENABLE_OBJC_ARC = YES;
				CLANG_ENABLE_OBJC_WEAK = YES;
				CLANG_WARN_BLOCK_CAPTURE_AUTORELEASING = YES;
				CLANG_WARN_BOOL_CONVERSION = YES;
				CLANG_WARN_COMMA = YES;
				CLANG_WARN_CONSTANT_CONVERSION = YES;
				CLANG_WARN_DEPRECATED_OBJC_IMPLEMENTATIONS = YES;
				CLANG_WARN_DIRECT_OBJC_ISA_USAGE = YES_ERROR;
				CLANG_WARN_DOCUMENTATION_COMMENTS = YES;
				CLANG_WARN_EMPTY_BODY = YES;
				CLANG_WARN_ENUM_CONVERSION = YES;
				CLANG_WARN_INFINITE_RECURSION = YES;
				CLANG_WARN_INT_CONVERSION = YES;
				CLANG_WARN_NON_LITERAL_NULL_CONVERSION = YES;
				CLANG_WARN_OBJC_IMPLICIT_RETAIN_SELF = YES;
				CLANG_WARN_OBJC_LITERAL_CONVERSION = YES;
				CLANG_WARN_OBJC_ROOT_CLASS = YES_ERROR;
				CLANG_WARN_QUOTED_INCLUDE_IN_FRAMEWORK_HEADER = YES;
				CLANG_WARN_RANGE_LOOP_ANALYSIS = YES;
				CLANG_WARN_STRICT_PROTOTYPES = YES;
				CLANG_WARN_SUSPICIOUS_MOVE = YES;
				CLANG_WARN_UNGUARDED_AVAILABILITY = YES_AGGRESSIVE;
				CLANG_WARN_UNREACHABLE_CODE = YES;
				CLANG_WARN__DUPLICATE_METHOD_MATCH = YES;
				COPY_PHASE_STRIP = NO;
				DEBUG_INFORMATION_FORMAT = dwarf;
				ENABLE_STRICT_OBJC_MSGSEND = YES;
				ENABLE_TESTABILITY = YES;
				GCC_C_LANGUAGE_STANDARD = gnu11;
				GCC_DYNAMIC_NO_PIC = NO;
				GCC_NO_COMMON_BLOCKS = YES;
				GCC_OPTIMIZATION_LEVEL = 0;
				GCC_PREPROCESSOR_DEFINITIONS = (
					"DEBUG=1",
					"$(inherited)",
				);
				GCC_WARN_64_TO_32_BIT_CONVERSION = YES;
				GCC_WARN_ABOUT_RETURN_TYPE = YES_ERROR;
				GCC_WARN_UNDECLARED_SELECTOR = YES;
				GCC_WARN_UNINITIALIZED_AUTOS = YES_AGGRESSIVE;
				GCC_WARN_UNUSED_FUNCTION = YES;
				GCC_WARN_UNUSED_VARIABLE = YES;
				IPHONEOS_DEPLOYMENT_TARGET = 14.1;
				MTL_ENABLE_DEBUG_INFO = INCLUDE_SOURCE;
				MTL_FAST_MATH = YES;
				ONLY_ACTIVE_ARCH = YES;
				SDKROOT = iphoneos;
				SWIFT_ACTIVE_COMPILATION_CONDITIONS = DEBUG;
				SWIFT_OPTIMIZATION_LEVEL = "-Onone";
			};
			name = Debug;
		};
		15924313255AF0FD00549FEC /* Release */ = {
			isa = XCBuildConfiguration;
			buildSettings = {
				ALWAYS_SEARCH_USER_PATHS = NO;
				CLANG_ANALYZER_NONNULL = YES;
				CLANG_ANALYZER_NUMBER_OBJECT_CONVERSION = YES_AGGRESSIVE;
				CLANG_CXX_LANGUAGE_STANDARD = "gnu++14";
				CLANG_CXX_LIBRARY = "libc++";
				CLANG_ENABLE_MODULES = YES;
				CLANG_ENABLE_OBJC_ARC = YES;
				CLANG_ENABLE_OBJC_WEAK = YES;
				CLANG_WARN_BLOCK_CAPTURE_AUTORELEASING = YES;
				CLANG_WARN_BOOL_CONVERSION = YES;
				CLANG_WARN_COMMA = YES;
				CLANG_WARN_CONSTANT_CONVERSION = YES;
				CLANG_WARN_DEPRECATED_OBJC_IMPLEMENTATIONS = YES;
				CLANG_WARN_DIRECT_OBJC_ISA_USAGE = YES_ERROR;
				CLANG_WARN_DOCUMENTATION_COMMENTS = YES;
				CLANG_WARN_EMPTY_BODY = YES;
				CLANG_WARN_ENUM_CONVERSION = YES;
				CLANG_WARN_INFINITE_RECURSION = YES;
				CLANG_WARN_INT_CONVERSION = YES;
				CLANG_WARN_NON_LITERAL_NULL_CONVERSION = YES;
				CLANG_WARN_OBJC_IMPLICIT_RETAIN_SELF = YES;
				CLANG_WARN_OBJC_LITERAL_CONVERSION = YES;
				CLANG_WARN_OBJC_ROOT_CLASS = YES_ERROR;
				CLANG_WARN_QUOTED_INCLUDE_IN_FRAMEWORK_HEADER = YES;
				CLANG_WARN_RANGE_LOOP_ANALYSIS = YES;
				CLANG_WARN_STRICT_PROTOTYPES = YES;
				CLANG_WARN_SUSPICIOUS_MOVE = YES;
				CLANG_WARN_UNGUARDED_AVAILABILITY = YES_AGGRESSIVE;
				CLANG_WARN_UNREACHABLE_CODE = YES;
				CLANG_WARN__DUPLICATE_METHOD_MATCH = YES;
				COPY_PHASE_STRIP = NO;
				DEBUG_INFORMATION_FORMAT = "dwarf-with-dsym";
				ENABLE_NS_ASSERTIONS = NO;
				ENABLE_STRICT_OBJC_MSGSEND = YES;
				GCC_C_LANGUAGE_STANDARD = gnu11;
				GCC_NO_COMMON_BLOCKS = YES;
				GCC_WARN_64_TO_32_BIT_CONVERSION = YES;
				GCC_WARN_ABOUT_RETURN_TYPE = YES_ERROR;
				GCC_WARN_UNDECLARED_SELECTOR = YES;
				GCC_WARN_UNINITIALIZED_AUTOS = YES_AGGRESSIVE;
				GCC_WARN_UNUSED_FUNCTION = YES;
				GCC_WARN_UNUSED_VARIABLE = YES;
				IPHONEOS_DEPLOYMENT_TARGET = 14.1;
				MTL_ENABLE_DEBUG_INFO = NO;
				MTL_FAST_MATH = YES;
				SDKROOT = iphoneos;
				SWIFT_COMPILATION_MODE = wholemodule;
				SWIFT_OPTIMIZATION_LEVEL = "-O";
				VALIDATE_PRODUCT = YES;
			};
			name = Release;
		};
		15924315255AF0FD00549FEC /* Debug */ = {
			isa = XCBuildConfiguration;
			buildSettings = {
				ASSETCATALOG_COMPILER_APPICON_NAME = AppIcon;
				ASSETCATALOG_COMPILER_GLOBAL_ACCENT_COLOR_NAME = AccentColor;
				CODE_SIGN_STYLE = Automatic;
				DEVELOPMENT_TEAM = P9Q258YJBH;
				INFOPLIST_FILE = HW3/Info.plist;
				LD_RUNPATH_SEARCH_PATHS = (
					"$(inherited)",
					"@executable_path/Frameworks",
				);
				PRODUCT_BUNDLE_IDENTIFIER = com.Sluzhynskyi.testApp;
				PRODUCT_NAME = "$(TARGET_NAME)";
				SWIFT_VERSION = 5.0;
				TARGETED_DEVICE_FAMILY = "1,2";
			};
			name = Debug;
		};
		15924316255AF0FD00549FEC /* Release */ = {
			isa = XCBuildConfiguration;
			buildSettings = {
				ASSETCATALOG_COMPILER_APPICON_NAME = AppIcon;
				ASSETCATALOG_COMPILER_GLOBAL_ACCENT_COLOR_NAME = AccentColor;
				CODE_SIGN_STYLE = Automatic;
				DEVELOPMENT_TEAM = P9Q258YJBH;
				INFOPLIST_FILE = HW3/Info.plist;
				LD_RUNPATH_SEARCH_PATHS = (
					"$(inherited)",
					"@executable_path/Frameworks",
				);
				PRODUCT_BUNDLE_IDENTIFIER = com.Sluzhynskyi.testApp;
				PRODUCT_NAME = "$(TARGET_NAME)";
				SWIFT_VERSION = 5.0;
				TARGETED_DEVICE_FAMILY = "1,2";
			};
			name = Release;
		};
/* End XCBuildConfiguration section */

/* Begin XCConfigurationList section */
		159242F8255AF0FC00549FEC /* Build configuration list for PBXProject "HW3" */ = {
			isa = XCConfigurationList;
			buildConfigurations = (
				15924312255AF0FD00549FEC /* Debug */,
				15924313255AF0FD00549FEC /* Release */,
			);
			defaultConfigurationIsVisible = 0;
			defaultConfigurationName = Release;
		};
		15924314255AF0FD00549FEC /* Build configuration list for PBXNativeTarget "HW3" */ = {
			isa = XCConfigurationList;
			buildConfigurations = (
				15924315255AF0FD00549FEC /* Debug */,
				15924316255AF0FD00549FEC /* Release */,
			);
			defaultConfigurationIsVisible = 0;
			defaultConfigurationName = Release;
		};
/* End XCConfigurationList section */

/* Begin XCVersionGroup section */
		15462F46257D01330099C266 /* HW3.xcdatamodeld */ = {
			isa = XCVersionGroup;
			children = (
				15462F47257D01330099C266 /* Model.xcdatamodel */,
			);
			currentVersion = 15462F47257D01330099C266 /* Model.xcdatamodel */;
			path = HW3.xcdatamodeld;
			sourceTree = "<group>";
			versionGroupType = wrapper.xcdatamodel;
		};
/* End XCVersionGroup section */
	};
	rootObject = 159242F5255AF0FC00549FEC /* Project object */;
}
